// !$*UTF8*$!
{
	archiveVersion = 1;
	classes = {
	};
	objectVersion = 46;
	objects = {

/* Begin PBXBuildFile section */
		226D746E17604DB6004E5697 /* main.cpp in Sources */ = {isa = PBXBuildFile; fileRef = 226D746D17604DB6004E5697 /* main.cpp */; };
		226D747C17604E1D004E5697 /* camculator.cpp in Sources */ = {isa = PBXBuildFile; fileRef = 226D747617604E1D004E5697 /* camculator.cpp */; };
		226D747D17604E1D004E5697 /* camera.cpp in Sources */ = {isa = PBXBuildFile; fileRef = 226D747717604E1D004E5697 /* camera.cpp */; };
		226D747F17604E1D004E5697 /* touch.cpp in Sources */ = {isa = PBXBuildFile; fileRef = 226D747A17604E1D004E5697 /* touch.cpp */; };
		226D74D91760837D004E5697 /* fontinfo.c in Sources */ = {isa = PBXBuildFile; fileRef = 226D74B71760837D004E5697 /* fontinfo.c */; };
		226D74DA1760837D004E5697 /* gx.c in Sources */ = {isa = PBXBuildFile; fileRef = 226D74B91760837D004E5697 /* gx.c */; };
		226D74DB1760837D004E5697 /* gxbdf.c in Sources */ = {isa = PBXBuildFile; fileRef = 226D74BB1760837D004E5697 /* gxbdf.c */; };
		226D74DC1760837D004E5697 /* gxbmp.c in Sources */ = {isa = PBXBuildFile; fileRef = 226D74BD1760837D004E5697 /* gxbmp.c */; };
		226D74DD1760837D004E5697 /* gxfile.c in Sources */ = {isa = PBXBuildFile; fileRef = 226D74C01760837D004E5697 /* gxfile.c */; };
		226D74DF1760837D004E5697 /* gximagelist.c in Sources */ = {isa = PBXBuildFile; fileRef = 226D74C31760837D004E5697 /* gximagelist.c */; };
		226D74E01760837D004E5697 /* gxjpg.c in Sources */ = {isa = PBXBuildFile; fileRef = 226D74C51760837D004E5697 /* gxjpg.c */; };
		226D74E11760837D004E5697 /* gxlayer.c in Sources */ = {isa = PBXBuildFile; fileRef = 226D74C71760837D004E5697 /* gxlayer.c */; };
		226D74E21760837D004E5697 /* gxmosaic.c in Sources */ = {isa = PBXBuildFile; fileRef = 226D74C91760837D004E5697 /* gxmosaic.c */; };
		226D74E31760837D004E5697 /* gxpanel.c in Sources */ = {isa = PBXBuildFile; fileRef = 226D74CB1760837D004E5697 /* gxpanel.c */; };
		226D74E41760837D004E5697 /* gxpng.c in Sources */ = {isa = PBXBuildFile; fileRef = 226D74CD1760837D004E5697 /* gxpng.c */; };
		226D74E51760837D004E5697 /* ksc5601.c in Sources */ = {isa = PBXBuildFile; fileRef = 226D74D31760837D004E5697 /* ksc5601.c */; };
/* End PBXBuildFile section */

/* Begin PBXCopyFilesBuildPhase section */
		226D746817604DB5004E5697 /* CopyFiles */ = {
			isa = PBXCopyFilesBuildPhase;
			buildActionMask = 2147483647;
			dstPath = /usr/share/man/man1/;
			dstSubfolderSpec = 0;
			files = (
			);
			runOnlyForDeploymentPostprocessing = 1;
		};
/* End PBXCopyFilesBuildPhase section */

/* Begin PBXFileReference section */
		226D746A17604DB6004E5697 /* camculator */ = {isa = PBXFileReference; explicitFileType = "compiled.mach-o.executable"; includeInIndex = 0; path = camculator; sourceTree = BUILT_PRODUCTS_DIR; };
		226D746D17604DB6004E5697 /* main.cpp */ = {isa = PBXFileReference; lastKnownFileType = sourcecode.cpp.cpp; path = main.cpp; sourceTree = "<group>"; };
		226D747617604E1D004E5697 /* camculator.cpp */ = {isa = PBXFileReference; fileEncoding = 30; lastKnownFileType = sourcecode.cpp.cpp; path = camculator.cpp; sourceTree = "<group>"; };
		226D747717604E1D004E5697 /* camera.cpp */ = {isa = PBXFileReference; fileEncoding = 4; lastKnownFileType = sourcecode.cpp.cpp; path = camera.cpp; sourceTree = "<group>"; };
		226D747817604E1D004E5697 /* camera.h */ = {isa = PBXFileReference; fileEncoding = 4; lastKnownFileType = sourcecode.c.h; path = camera.h; sourceTree = "<group>"; };
		226D747A17604E1D004E5697 /* touch.cpp */ = {isa = PBXFileReference; fileEncoding = 4; lastKnownFileType = sourcecode.cpp.cpp; path = touch.cpp; sourceTree = "<group>"; };
		226D747B17604E1D004E5697 /* touch.h */ = {isa = PBXFileReference; fileEncoding = 4; lastKnownFileType = sourcecode.c.h; path = touch.h; sourceTree = "<group>"; };
		226D74B217604EE8004E5697 /* lock.h */ = {isa = PBXFileReference; fileEncoding = 4; lastKnownFileType = sourcecode.c.h; path = lock.h; sourceTree = "<group>"; };
		226D74B317604EE8004E5697 /* singleton.h */ = {isa = PBXFileReference; fileEncoding = 4; lastKnownFileType = sourcecode.c.h; path = singleton.h; sourceTree = "<group>"; };
		226D74B417604EE8004E5697 /* thread.h */ = {isa = PBXFileReference; fileEncoding = 4; lastKnownFileType = sourcecode.c.h; path = thread.h; sourceTree = "<group>"; };
		226D74B517604F0D004E5697 /* camculator.h */ = {isa = PBXFileReference; lastKnownFileType = sourcecode.c.h; path = camculator.h; sourceTree = "<group>"; };
		226D74B617605031004E5697 /* define.h */ = {isa = PBXFileReference; fileEncoding = 4; lastKnownFileType = sourcecode.c.h; path = define.h; sourceTree = "<group>"; };
		226D74B71760837D004E5697 /* fontinfo.c */ = {isa = PBXFileReference; fileEncoding = 4; lastKnownFileType = sourcecode.c.c; name = fontinfo.c; path = gxlib/fontinfo.c; sourceTree = SOURCE_ROOT; };
		226D74B81760837D004E5697 /* fontinfo.h */ = {isa = PBXFileReference; fileEncoding = 4; lastKnownFileType = sourcecode.c.h; name = fontinfo.h; path = gxlib/fontinfo.h; sourceTree = SOURCE_ROOT; };
		226D74B91760837D004E5697 /* gx.c */ = {isa = PBXFileReference; fileEncoding = 4; lastKnownFileType = sourcecode.c.c; name = gx.c; path = gxlib/gx.c; sourceTree = SOURCE_ROOT; };
		226D74BA1760837D004E5697 /* gx.h */ = {isa = PBXFileReference; fileEncoding = 4; lastKnownFileType = sourcecode.c.h; name = gx.h; path = gxlib/gx.h; sourceTree = SOURCE_ROOT; };
		226D74BB1760837D004E5697 /* gxbdf.c */ = {isa = PBXFileReference; fileEncoding = 4; lastKnownFileType = sourcecode.c.c; name = gxbdf.c; path = gxlib/gxbdf.c; sourceTree = SOURCE_ROOT; };
		226D74BC1760837D004E5697 /* gxbdf.h */ = {isa = PBXFileReference; fileEncoding = 4; lastKnownFileType = sourcecode.c.h; name = gxbdf.h; path = gxlib/gxbdf.h; sourceTree = SOURCE_ROOT; };
		226D74BD1760837D004E5697 /* gxbmp.c */ = {isa = PBXFileReference; fileEncoding = 4; lastKnownFileType = sourcecode.c.c; name = gxbmp.c; path = gxlib/gxbmp.c; sourceTree = SOURCE_ROOT; };
		226D74BE1760837D004E5697 /* gxbmp.h */ = {isa = PBXFileReference; fileEncoding = 4; lastKnownFileType = sourcecode.c.h; name = gxbmp.h; path = gxlib/gxbmp.h; sourceTree = SOURCE_ROOT; };
		226D74BF1760837D004E5697 /* gxcolor.h */ = {isa = PBXFileReference; fileEncoding = 4; lastKnownFileType = sourcecode.c.h; name = gxcolor.h; path = gxlib/gxcolor.h; sourceTree = SOURCE_ROOT; };
		226D74C01760837D004E5697 /* gxfile.c */ = {isa = PBXFileReference; fileEncoding = 4; lastKnownFileType = sourcecode.c.c; name = gxfile.c; path = gxlib/gxfile.c; sourceTree = SOURCE_ROOT; };
		226D74C11760837D004E5697 /* gxfile.h */ = {isa = PBXFileReference; fileEncoding = 4; lastKnownFileType = sourcecode.c.h; name = gxfile.h; path = gxlib/gxfile.h; sourceTree = SOURCE_ROOT; };
		226D74C31760837D004E5697 /* gximagelist.c */ = {isa = PBXFileReference; fileEncoding = 4; lastKnownFileType = sourcecode.c.c; name = gximagelist.c; path = gxlib/gximagelist.c; sourceTree = SOURCE_ROOT; };
		226D74C41760837D004E5697 /* gximagelist.h */ = {isa = PBXFileReference; fileEncoding = 4; lastKnownFileType = sourcecode.c.h; name = gximagelist.h; path = gxlib/gximagelist.h; sourceTree = SOURCE_ROOT; };
		226D74C51760837D004E5697 /* gxjpg.c */ = {isa = PBXFileReference; fileEncoding = 4; lastKnownFileType = sourcecode.c.c; name = gxjpg.c; path = gxlib/gxjpg.c; sourceTree = SOURCE_ROOT; };
		226D74C61760837D004E5697 /* gxjpg.h */ = {isa = PBXFileReference; fileEncoding = 4; lastKnownFileType = sourcecode.c.h; name = gxjpg.h; path = gxlib/gxjpg.h; sourceTree = SOURCE_ROOT; };
		226D74C71760837D004E5697 /* gxlayer.c */ = {isa = PBXFileReference; fileEncoding = 4; lastKnownFileType = sourcecode.c.c; name = gxlayer.c; path = gxlib/gxlayer.c; sourceTree = SOURCE_ROOT; };
		226D74C81760837D004E5697 /* gxlayer.h */ = {isa = PBXFileReference; fileEncoding = 4; lastKnownFileType = sourcecode.c.h; name = gxlayer.h; path = gxlib/gxlayer.h; sourceTree = SOURCE_ROOT; };
		226D74C91760837D004E5697 /* gxmosaic.c */ = {isa = PBXFileReference; fileEncoding = 4; lastKnownFileType = sourcecode.c.c; name = gxmosaic.c; path = gxlib/gxmosaic.c; sourceTree = SOURCE_ROOT; };
		226D74CA1760837D004E5697 /* gxmosaic.h */ = {isa = PBXFileReference; fileEncoding = 4; lastKnownFileType = sourcecode.c.h; name = gxmosaic.h; path = gxlib/gxmosaic.h; sourceTree = SOURCE_ROOT; };
		226D74CB1760837D004E5697 /* gxpanel.c */ = {isa = PBXFileReference; fileEncoding = 4; lastKnownFileType = sourcecode.c.c; name = gxpanel.c; path = gxlib/gxpanel.c; sourceTree = SOURCE_ROOT; };
		226D74CC1760837D004E5697 /* gxpanel.h */ = {isa = PBXFileReference; fileEncoding = 4; lastKnownFileType = sourcecode.c.h; name = gxpanel.h; path = gxlib/gxpanel.h; sourceTree = SOURCE_ROOT; };
		226D74CD1760837D004E5697 /* gxpng.c */ = {isa = PBXFileReference; fileEncoding = 4; lastKnownFileType = sourcecode.c.c; name = gxpng.c; path = gxlib/gxpng.c; sourceTree = SOURCE_ROOT; };
		226D74CE1760837D004E5697 /* gxpng.h */ = {isa = PBXFileReference; fileEncoding = 4; lastKnownFileType = sourcecode.c.h; name = gxpng.h; path = gxlib/gxpng.h; sourceTree = SOURCE_ROOT; };
		226D74CF1760837D004E5697 /* jconfig.h */ = {isa = PBXFileReference; fileEncoding = 4; lastKnownFileType = sourcecode.c.h; name = jconfig.h; path = gxlib/jconfig.h; sourceTree = SOURCE_ROOT; };
		226D74D01760837D004E5697 /* jerror.h */ = {isa = PBXFileReference; fileEncoding = 4; lastKnownFileType = sourcecode.c.h; name = jerror.h; path = gxlib/jerror.h; sourceTree = SOURCE_ROOT; };
		226D74D11760837D004E5697 /* jmorecfg.h */ = {isa = PBXFileReference; fileEncoding = 4; lastKnownFileType = sourcecode.c.h; name = jmorecfg.h; path = gxlib/jmorecfg.h; sourceTree = SOURCE_ROOT; };
		226D74D21760837D004E5697 /* jpeglib.h */ = {isa = PBXFileReference; fileEncoding = 4; lastKnownFileType = sourcecode.c.h; name = jpeglib.h; path = gxlib/jpeglib.h; sourceTree = SOURCE_ROOT; };
		226D74D31760837D004E5697 /* ksc5601.c */ = {isa = PBXFileReference; fileEncoding = 4; lastKnownFileType = sourcecode.c.c; name = ksc5601.c; path = gxlib/ksc5601.c; sourceTree = SOURCE_ROOT; };
		226D74D41760837D004E5697 /* ksc5601.h */ = {isa = PBXFileReference; fileEncoding = 4; lastKnownFileType = sourcecode.c.h; name = ksc5601.h; path = gxlib/ksc5601.h; sourceTree = SOURCE_ROOT; };
		226D74D51760837D004E5697 /* png.h */ = {isa = PBXFileReference; fileEncoding = 4; lastKnownFileType = sourcecode.c.h; name = png.h; path = gxlib/png.h; sourceTree = SOURCE_ROOT; };
		226D74D61760837D004E5697 /* pngconf.h */ = {isa = PBXFileReference; fileEncoding = 4; lastKnownFileType = sourcecode.c.h; name = pngconf.h; path = gxlib/pngconf.h; sourceTree = SOURCE_ROOT; };
		226D74D71760837D004E5697 /* zconf.h */ = {isa = PBXFileReference; fileEncoding = 4; lastKnownFileType = sourcecode.c.h; name = zconf.h; path = gxlib/zconf.h; sourceTree = SOURCE_ROOT; };
		226D74D81760837D004E5697 /* zlib.h */ = {isa = PBXFileReference; fileEncoding = 4; lastKnownFileType = sourcecode.c.h; name = zlib.h; path = gxlib/zlib.h; sourceTree = SOURCE_ROOT; };
/* End PBXFileReference section */

/* Begin PBXFrameworksBuildPhase section */
		226D746717604DB5004E5697 /* Frameworks */ = {
			isa = PBXFrameworksBuildPhase;
			buildActionMask = 2147483647;
			files = (
			);
			runOnlyForDeploymentPostprocessing = 0;
		};
/* End PBXFrameworksBuildPhase section */

/* Begin PBXGroup section */
		226D746117604DB5004E5697 = {
			isa = PBXGroup;
			children = (
				226D746C17604DB6004E5697 /* camculator */,
				226D746B17604DB6004E5697 /* Products */,
			);
			sourceTree = "<group>";
		};
		226D746B17604DB6004E5697 /* Products */ = {
			isa = PBXGroup;
			children = (
				226D746A17604DB6004E5697 /* camculator */,
			);
			name = Products;
			sourceTree = "<group>";
		};
		226D746C17604DB6004E5697 /* camculator */ = {
			isa = PBXGroup;
			children = (
				226D74B117604E9E004E5697 /* util */,
				226D748017604E55004E5697 /* gxlib */,
				226D747717604E1D004E5697 /* camera.cpp */,
				226D747817604E1D004E5697 /* camera.h */,
				226D747A17604E1D004E5697 /* touch.cpp */,
				226D747B17604E1D004E5697 /* touch.h */,
				226D746D17604DB6004E5697 /* main.cpp */,
				226D747617604E1D004E5697 /* camculator.cpp */,
				226D74B517604F0D004E5697 /* camculator.h */,
				226D74B617605031004E5697 /* define.h */,
			);
			path = camculator;
			sourceTree = "<group>";
		};
		226D748017604E55004E5697 /* gxlib */ = {
			isa = PBXGroup;
			children = (
				226D74B71760837D004E5697 /* fontinfo.c */,
				226D74B81760837D004E5697 /* fontinfo.h */,
				226D74B91760837D004E5697 /* gx.c */,
				226D74BA1760837D004E5697 /* gx.h */,
				226D74BB1760837D004E5697 /* gxbdf.c */,
				226D74BC1760837D004E5697 /* gxbdf.h */,
				226D74BD1760837D004E5697 /* gxbmp.c */,
				226D74BE1760837D004E5697 /* gxbmp.h */,
				226D74BF1760837D004E5697 /* gxcolor.h */,
				226D74C01760837D004E5697 /* gxfile.c */,
				226D74C11760837D004E5697 /* gxfile.h */,
				226D74C31760837D004E5697 /* gximagelist.c */,
				226D74C41760837D004E5697 /* gximagelist.h */,
				226D74C51760837D004E5697 /* gxjpg.c */,
				226D74C61760837D004E5697 /* gxjpg.h */,
				226D74C71760837D004E5697 /* gxlayer.c */,
				226D74C81760837D004E5697 /* gxlayer.h */,
				226D74C91760837D004E5697 /* gxmosaic.c */,
				226D74CA1760837D004E5697 /* gxmosaic.h */,
				226D74CB1760837D004E5697 /* gxpanel.c */,
				226D74CC1760837D004E5697 /* gxpanel.h */,
				226D74CD1760837D004E5697 /* gxpng.c */,
				226D74CE1760837D004E5697 /* gxpng.h */,
				226D74CF1760837D004E5697 /* jconfig.h */,
				226D74D01760837D004E5697 /* jerror.h */,
				226D74D11760837D004E5697 /* jmorecfg.h */,
				226D74D21760837D004E5697 /* jpeglib.h */,
				226D74D31760837D004E5697 /* ksc5601.c */,
				226D74D41760837D004E5697 /* ksc5601.h */,
				226D74D51760837D004E5697 /* png.h */,
				226D74D61760837D004E5697 /* pngconf.h */,
				226D74D71760837D004E5697 /* zconf.h */,
				226D74D81760837D004E5697 /* zlib.h */,
			);
			name = gxlib;
			sourceTree = "<group>";
		};
		226D74B117604E9E004E5697 /* util */ = {
			isa = PBXGroup;
			children = (
				226D74B217604EE8004E5697 /* lock.h */,
				226D74B317604EE8004E5697 /* singleton.h */,
				226D74B417604EE8004E5697 /* thread.h */,
			);
			name = util;
			sourceTree = "<group>";
		};
/* End PBXGroup section */

/* Begin PBXNativeTarget section */
		226D746917604DB5004E5697 /* camculator */ = {
			isa = PBXNativeTarget;
			buildConfigurationList = 226D747317604DB6004E5697 /* Build configuration list for PBXNativeTarget "camculator" */;
			buildPhases = (
				226D746617604DB5004E5697 /* Sources */,
				226D746717604DB5004E5697 /* Frameworks */,
				226D746817604DB5004E5697 /* CopyFiles */,
			);
			buildRules = (
			);
			dependencies = (
			);
			name = camculator;
			productName = camculator;
			productReference = 226D746A17604DB6004E5697 /* camculator */;
			productType = "com.apple.product-type.tool";
		};
/* End PBXNativeTarget section */

/* Begin PBXProject section */
		226D746217604DB5004E5697 /* Project object */ = {
			isa = PBXProject;
			attributes = {
				LastUpgradeCheck = 0460;
				ORGANIZATIONNAME = "Christopher Kim";
			};
			buildConfigurationList = 226D746517604DB5004E5697 /* Build configuration list for PBXProject "camculator" */;
			compatibilityVersion = "Xcode 3.2";
			developmentRegion = English;
			hasScannedForEncodings = 0;
			knownRegions = (
				en,
			);
			mainGroup = 226D746117604DB5004E5697;
			productRefGroup = 226D746B17604DB6004E5697 /* Products */;
			projectDirPath = "";
			projectRoot = "";
			targets = (
				226D746917604DB5004E5697 /* camculator */,
			);
		};
/* End PBXProject section */

/* Begin PBXSourcesBuildPhase section */
		226D746617604DB5004E5697 /* Sources */ = {
			isa = PBXSourcesBuildPhase;
			buildActionMask = 2147483647;
			files = (
				226D746E17604DB6004E5697 /* main.cpp in Sources */,
				226D747C17604E1D004E5697 /* camculator.cpp in Sources */,
				226D747D17604E1D004E5697 /* camera.cpp in Sources */,
				226D747F17604E1D004E5697 /* touch.cpp in Sources */,
				226D74D91760837D004E5697 /* fontinfo.c in Sources */,
				226D74DA1760837D004E5697 /* gx.c in Sources */,
				226D74DB1760837D004E5697 /* gxbdf.c in Sources */,
				226D74DC1760837D004E5697 /* gxbmp.c in Sources */,
				226D74DD1760837D004E5697 /* gxfile.c in Sources */,
				226D74DF1760837D004E5697 /* gximagelist.c in Sources */,
				226D74E01760837D004E5697 /* gxjpg.c in Sources */,
				226D74E11760837D004E5697 /* gxlayer.c in Sources */,
				226D74E21760837D004E5697 /* gxmosaic.c in Sources */,
				226D74E31760837D004E5697 /* gxpanel.c in Sources */,
				226D74E41760837D004E5697 /* gxpng.c in Sources */,
				226D74E51760837D004E5697 /* ksc5601.c in Sources */,
			);
			runOnlyForDeploymentPostprocessing = 0;
		};
/* End PBXSourcesBuildPhase section */

/* Begin XCBuildConfiguration section */
		226D747117604DB6004E5697 /* Debug */ = {
			isa = XCBuildConfiguration;
			buildSettings = {
				ALWAYS_SEARCH_USER_PATHS = NO;
				ARCHS = "$(ARCHS_STANDARD_64_BIT)";
				CLANG_CXX_LANGUAGE_STANDARD = "gnu++0x";
				CLANG_CXX_LIBRARY = "libc++";
				CLANG_WARN_CONSTANT_CONVERSION = YES;
				CLANG_WARN_EMPTY_BODY = YES;
				CLANG_WARN_ENUM_CONVERSION = YES;
				CLANG_WARN_INT_CONVERSION = YES;
				CLANG_WARN__DUPLICATE_METHOD_MATCH = YES;
				COPY_PHASE_STRIP = NO;
				GCC_C_LANGUAGE_STANDARD = gnu99;
				GCC_DYNAMIC_NO_PIC = NO;
				GCC_ENABLE_OBJC_EXCEPTIONS = YES;
				GCC_OPTIMIZATION_LEVEL = 0;
				GCC_PREPROCESSOR_DEFINITIONS = (
					"DEBUG=1",
					"$(inherited)",
				);
				GCC_SYMBOLS_PRIVATE_EXTERN = NO;
				GCC_WARN_64_TO_32_BIT_CONVERSION = YES;
				GCC_WARN_ABOUT_RETURN_TYPE = YES;
				GCC_WARN_UNINITIALIZED_AUTOS = YES;
				GCC_WARN_UNUSED_VARIABLE = YES;
				MACOSX_DEPLOYMENT_TARGET = 10.8;
				ONLY_ACTIVE_ARCH = YES;
				SDKROOT = macosx;
			};
			name = Debug;
		};
		226D747217604DB6004E5697 /* Release */ = {
			isa = XCBuildConfiguration;
			buildSettings = {
				ALWAYS_SEARCH_USER_PATHS = NO;
				ARCHS = "$(ARCHS_STANDARD_64_BIT)";
				CLANG_CXX_LANGUAGE_STANDARD = "gnu++0x";
				CLANG_CXX_LIBRARY = "libc++";
				CLANG_WARN_CONSTANT_CONVERSION = YES;
				CLANG_WARN_EMPTY_BODY = YES;
				CLANG_WARN_ENUM_CONVERSION = YES;
				CLANG_WARN_INT_CONVERSION = YES;
				CLANG_WARN__DUPLICATE_METHOD_MATCH = YES;
				COPY_PHASE_STRIP = YES;
				DEBUG_INFORMATION_FORMAT = "dwarf-with-dsym";
				GCC_C_LANGUAGE_STANDARD = gnu99;
				GCC_ENABLE_OBJC_EXCEPTIONS = YES;
				GCC_WARN_64_TO_32_BIT_CONVERSION = YES;
				GCC_WARN_ABOUT_RETURN_TYPE = YES;
				GCC_WARN_UNINITIALIZED_AUTOS = YES;
				GCC_WARN_UNUSED_VARIABLE = YES;
				MACOSX_DEPLOYMENT_TARGET = 10.8;
				SDKROOT = macosx;
			};
			name = Release;
		};
		226D747417604DB6004E5697 /* Debug */ = {
			isa = XCBuildConfiguration;
			buildSettings = {
				PRODUCT_NAME = "$(TARGET_NAME)";
			};
			name = Debug;
		};
		226D747517604DB6004E5697 /* Release */ = {
			isa = XCBuildConfiguration;
			buildSettings = {
				PRODUCT_NAME = "$(TARGET_NAME)";
			};
			name = Release;
		};
/* End XCBuildConfiguration section */

/* Begin XCConfigurationList section */
		226D746517604DB5004E5697 /* Build configuration list for PBXProject "camculator" */ = {
			isa = XCConfigurationList;
			buildConfigurations = (
				226D747117604DB6004E5697 /* Debug */,
				226D747217604DB6004E5697 /* Release */,
			);
			defaultConfigurationIsVisible = 0;
			defaultConfigurationName = Release;
		};
		226D747317604DB6004E5697 /* Build configuration list for PBXNativeTarget "camculator" */ = {
			isa = XCConfigurationList;
			buildConfigurations = (
				226D747417604DB6004E5697 /* Debug */,
				226D747517604DB6004E5697 /* Release */,
			);
			defaultConfigurationIsVisible = 0;
			defaultConfigurationName = Release;
		};
/* End XCConfigurationList section */
	};
	rootObject = 226D746217604DB5004E5697 /* Project object */;
}
